// !$*UTF8*$!
{
	archiveVersion = 1;
	classes = {
	};
	objectVersion = 46;
	objects = {

/* Begin PBXBuildFile section */
		9F458A611D1ADE410087D347 /* AppDelegate.swift in Sources */ = {isa = PBXBuildFile; fileRef = 9F458A601D1ADE410087D347 /* AppDelegate.swift */; };
		9F458A631D1ADE410087D347 /* ViewController.swift in Sources */ = {isa = PBXBuildFile; fileRef = 9F458A621D1ADE410087D347 /* ViewController.swift */; };
		9F458A661D1ADE410087D347 /* Main.storyboard in Resources */ = {isa = PBXBuildFile; fileRef = 9F458A641D1ADE410087D347 /* Main.storyboard */; };
		9F458A691D1ADE410087D347 /* MobileMapper.xcdatamodeld in Sources */ = {isa = PBXBuildFile; fileRef = 9F458A671D1ADE410087D347 /* MobileMapper.xcdatamodeld */; };
		9F458A6B1D1ADE410087D347 /* Assets.xcassets in Resources */ = {isa = PBXBuildFile; fileRef = 9F458A6A1D1ADE410087D347 /* Assets.xcassets */; };
		9F458A6E1D1ADE410087D347 /* LaunchScreen.storyboard in Resources */ = {isa = PBXBuildFile; fileRef = 9F458A6C1D1ADE410087D347 /* LaunchScreen.storyboard */; };
		9F458A791D1ADE410087D347 /* MobileMapperTests.swift in Sources */ = {isa = PBXBuildFile; fileRef = 9F458A781D1ADE410087D347 /* MobileMapperTests.swift */; };
		9F458A841D1ADE410087D347 /* MobileMapperUITests.swift in Sources */ = {isa = PBXBuildFile; fileRef = 9F458A831D1ADE410087D347 /* MobileMapperUITests.swift */; };
/* End PBXBuildFile section */

/* Begin PBXContainerItemProxy section */
		9F458A751D1ADE410087D347 /* PBXContainerItemProxy */ = {
			isa = PBXContainerItemProxy;
			containerPortal = 9F458A551D1ADE410087D347 /* Project object */;
			proxyType = 1;
			remoteGlobalIDString = 9F458A5C1D1ADE410087D347;
			remoteInfo = MobileMapper;
		};
		9F458A801D1ADE410087D347 /* PBXContainerItemProxy */ = {
			isa = PBXContainerItemProxy;
			containerPortal = 9F458A551D1ADE410087D347 /* Project object */;
			proxyType = 1;
			remoteGlobalIDString = 9F458A5C1D1ADE410087D347;
			remoteInfo = MobileMapper;
		};
/* End PBXContainerItemProxy section */

/* Begin PBXFileReference section */
		9F458A5D1D1ADE410087D347 /* MobileMapper.app */ = {isa = PBXFileReference; explicitFileType = wrapper.application; includeInIndex = 0; path = MobileMapper.app; sourceTree = BUILT_PRODUCTS_DIR; };
		9F458A601D1ADE410087D347 /* AppDelegate.swift */ = {isa = PBXFileReference; lastKnownFileType = sourcecode.swift; path = AppDelegate.swift; sourceTree = "<group>"; };
		9F458A621D1ADE410087D347 /* ViewController.swift */ = {isa = PBXFileReference; lastKnownFileType = sourcecode.swift; path = ViewController.swift; sourceTree = "<group>"; };
		9F458A651D1ADE410087D347 /* Base */ = {isa = PBXFileReference; lastKnownFileType = file.storyboard; name = Base; path = Base.lproj/Main.storyboard; sourceTree = "<group>"; };
		9F458A681D1ADE410087D347 /* MobileMapper.xcdatamodel */ = {isa = PBXFileReference; lastKnownFileType = wrapper.xcdatamodel; path = MobileMapper.xcdatamodel; sourceTree = "<group>"; };
		9F458A6A1D1ADE410087D347 /* Assets.xcassets */ = {isa = PBXFileReference; lastKnownFileType = folder.assetcatalog; path = Assets.xcassets; sourceTree = "<group>"; };
		9F458A6D1D1ADE410087D347 /* Base */ = {isa = PBXFileReference; lastKnownFileType = file.storyboard; name = Base; path = Base.lproj/LaunchScreen.storyboard; sourceTree = "<group>"; };
		9F458A6F1D1ADE410087D347 /* Info.plist */ = {isa = PBXFileReference; lastKnownFileType = text.plist.xml; path = Info.plist; sourceTree = "<group>"; };
		9F458A741D1ADE410087D347 /* MobileMapperTests.xctest */ = {isa = PBXFileReference; explicitFileType = wrapper.cfbundle; includeInIndex = 0; path = MobileMapperTests.xctest; sourceTree = BUILT_PRODUCTS_DIR; };
		9F458A781D1ADE410087D347 /* MobileMapperTests.swift */ = {isa = PBXFileReference; lastKnownFileType = sourcecode.swift; path = MobileMapperTests.swift; sourceTree = "<group>"; };
		9F458A7A1D1ADE410087D347 /* Info.plist */ = {isa = PBXFileReference; lastKnownFileType = text.plist.xml; path = Info.plist; sourceTree = "<group>"; };
		9F458A7F1D1ADE410087D347 /* MobileMapperUITests.xctest */ = {isa = PBXFileReference; explicitFileType = wrapper.cfbundle; includeInIndex = 0; path = MobileMapperUITests.xctest; sourceTree = BUILT_PRODUCTS_DIR; };
		9F458A831D1ADE410087D347 /* MobileMapperUITests.swift */ = {isa = PBXFileReference; lastKnownFileType = sourcecode.swift; path = MobileMapperUITests.swift; sourceTree = "<group>"; };
		9F458A851D1ADE410087D347 /* Info.plist */ = {isa = PBXFileReference; lastKnownFileType = text.plist.xml; path = Info.plist; sourceTree = "<group>"; };
/* End PBXFileReference section */

/* Begin PBXFrameworksBuildPhase section */
		9F458A5A1D1ADE410087D347 /* Frameworks */ = {
			isa = PBXFrameworksBuildPhase;
			buildActionMask = 2147483647;
			files = (
			);
			runOnlyForDeploymentPostprocessing = 0;
		};
		9F458A711D1ADE410087D347 /* Frameworks */ = {
			isa = PBXFrameworksBuildPhase;
			buildActionMask = 2147483647;
			files = (
			);
			runOnlyForDeploymentPostprocessing = 0;
		};
		9F458A7C1D1ADE410087D347 /* Frameworks */ = {
			isa = PBXFrameworksBuildPhase;
			buildActionMask = 2147483647;
			files = (
			);
			runOnlyForDeploymentPostprocessing = 0;
		};
/* End PBXFrameworksBuildPhase section */

/* Begin PBXGroup section */
		9F458A541D1ADE410087D347 = {
			isa = PBXGroup;
			children = (
				9F458A5F1D1ADE410087D347 /* MobileMapper */,
				9F458A771D1ADE410087D347 /* MobileMapperTests */,
				9F458A821D1ADE410087D347 /* MobileMapperUITests */,
				9F458A5E1D1ADE410087D347 /* Products */,
			);
			sourceTree = "<group>";
		};
		9F458A5E1D1ADE410087D347 /* Products */ = {
			isa = PBXGroup;
			children = (
				9F458A5D1D1ADE410087D347 /* MobileMapper.app */,
				9F458A741D1ADE410087D347 /* MobileMapperTests.xctest */,
				9F458A7F1D1ADE410087D347 /* MobileMapperUITests.xctest */,
			);
			name = Products;
			sourceTree = "<group>";
		};
		9F458A5F1D1ADE410087D347 /* MobileMapper */ = {
			isa = PBXGroup;
			children = (
				9F458A601D1ADE410087D347 /* AppDelegate.swift */,
				9F458A621D1ADE410087D347 /* ViewController.swift */,
				9F458A641D1ADE410087D347 /* Main.storyboard */,
				9F458A6A1D1ADE410087D347 /* Assets.xcassets */,
				9F458A6C1D1ADE410087D347 /* LaunchScreen.storyboard */,
				9F458A6F1D1ADE410087D347 /* Info.plist */,
				9F458A671D1ADE410087D347 /* MobileMapper.xcdatamodeld */,
			);
			path = MobileMapper;
			sourceTree = "<group>";
		};
		9F458A771D1ADE410087D347 /* MobileMapperTests */ = {
			isa = PBXGroup;
			children = (
				9F458A781D1ADE410087D347 /* MobileMapperTests.swift */,
				9F458A7A1D1ADE410087D347 /* Info.plist */,
			);
			path = MobileMapperTests;
			sourceTree = "<group>";
		};
		9F458A821D1ADE410087D347 /* MobileMapperUITests */ = {
			isa = PBXGroup;
			children = (
				9F458A831D1ADE410087D347 /* MobileMapperUITests.swift */,
				9F458A851D1ADE410087D347 /* Info.plist */,
			);
			path = MobileMapperUITests;
			sourceTree = "<group>";
		};
/* End PBXGroup section */

/* Begin PBXNativeTarget section */
		9F458A5C1D1ADE410087D347 /* MobileMapper */ = {
			isa = PBXNativeTarget;
			buildConfigurationList = 9F458A881D1ADE410087D347 /* Build configuration list for PBXNativeTarget "MobileMapper" */;
			buildPhases = (
				9F458A591D1ADE410087D347 /* Sources */,
				9F458A5A1D1ADE410087D347 /* Frameworks */,
				9F458A5B1D1ADE410087D347 /* Resources */,
			);
			buildRules = (
			);
			dependencies = (
			);
			name = MobileMapper;
			productName = MobileMapper;
			productReference = 9F458A5D1D1ADE410087D347 /* MobileMapper.app */;
			productType = "com.apple.product-type.application";
		};
		9F458A731D1ADE410087D347 /* MobileMapperTests */ = {
			isa = PBXNativeTarget;
			buildConfigurationList = 9F458A8B1D1ADE410087D347 /* Build configuration list for PBXNativeTarget "MobileMapperTests" */;
			buildPhases = (
				9F458A701D1ADE410087D347 /* Sources */,
				9F458A711D1ADE410087D347 /* Frameworks */,
				9F458A721D1ADE410087D347 /* Resources */,
			);
			buildRules = (
			);
			dependencies = (
				9F458A761D1ADE410087D347 /* PBXTargetDependency */,
			);
			name = MobileMapperTests;
			productName = MobileMapperTests;
			productReference = 9F458A741D1ADE410087D347 /* MobileMapperTests.xctest */;
			productType = "com.apple.product-type.bundle.unit-test";
		};
		9F458A7E1D1ADE410087D347 /* MobileMapperUITests */ = {
			isa = PBXNativeTarget;
			buildConfigurationList = 9F458A8E1D1ADE410087D347 /* Build configuration list for PBXNativeTarget "MobileMapperUITests" */;
			buildPhases = (
				9F458A7B1D1ADE410087D347 /* Sources */,
				9F458A7C1D1ADE410087D347 /* Frameworks */,
				9F458A7D1D1ADE410087D347 /* Resources */,
			);
			buildRules = (
			);
			dependencies = (
				9F458A811D1ADE410087D347 /* PBXTargetDependency */,
			);
			name = MobileMapperUITests;
			productName = MobileMapperUITests;
			productReference = 9F458A7F1D1ADE410087D347 /* MobileMapperUITests.xctest */;
			productType = "com.apple.product-type.bundle.ui-testing";
		};
/* End PBXNativeTarget section */

/* Begin PBXProject section */
		9F458A551D1ADE410087D347 /* Project object */ = {
			isa = PBXProject;
			attributes = {
				LastSwiftUpdateCheck = 0730;
				LastUpgradeCheck = 0730;
				ORGANIZATIONNAME = "Kristin Kamenar";
				TargetAttributes = {
					9F458A5C1D1ADE410087D347 = {
						CreatedOnToolsVersion = 7.3.1;
					};
					9F458A731D1ADE410087D347 = {
						CreatedOnToolsVersion = 7.3.1;
						TestTargetID = 9F458A5C1D1ADE410087D347;
					};
					9F458A7E1D1ADE410087D347 = {
						CreatedOnToolsVersion = 7.3.1;
						TestTargetID = 9F458A5C1D1ADE410087D347;
					};
				};
			};
			buildConfigurationList = 9F458A581D1ADE410087D347 /* Build configuration list for PBXProject "MobileMapper" */;
			compatibilityVersion = "Xcode 3.2";
			developmentRegion = English;
			hasScannedForEncodings = 0;
			knownRegions = (
				en,
				Base,
			);
			mainGroup = 9F458A541D1ADE410087D347;
			productRefGroup = 9F458A5E1D1ADE410087D347 /* Products */;
			projectDirPath = "";
			projectRoot = "";
			targets = (
				9F458A5C1D1ADE410087D347 /* MobileMapper */,
				9F458A731D1ADE410087D347 /* MobileMapperTests */,
				9F458A7E1D1ADE410087D347 /* MobileMapperUITests */,
			);
		};
/* End PBXProject section */

/* Begin PBXResourcesBuildPhase section */
		9F458A5B1D1ADE410087D347 /* Resources */ = {
			isa = PBXResourcesBuildPhase;
			buildActionMask = 2147483647;
			files = (
				9F458A6E1D1ADE410087D347 /* LaunchScreen.storyboard in Resources */,
				9F458A6B1D1ADE410087D347 /* Assets.xcassets in Resources */,
				9F458A661D1ADE410087D347 /* Main.storyboard in Resources */,
			);
			runOnlyForDeploymentPostprocessing = 0;
		};
		9F458A721D1ADE410087D347 /* Resources */ = {
			isa = PBXResourcesBuildPhase;
			buildActionMask = 2147483647;
			files = (
			);
			runOnlyForDeploymentPostprocessing = 0;
		};
		9F458A7D1D1ADE410087D347 /* Resources */ = {
			isa = PBXResourcesBuildPhase;
			buildActionMask = 2147483647;
			files = (
			);
			runOnlyForDeploymentPostprocessing = 0;
		};
/* End PBXResourcesBuildPhase section */

/* Begin PBXSourcesBuildPhase section */
		9F458A591D1ADE410087D347 /* Sources */ = {
			isa = PBXSourcesBuildPhase;
			buildActionMask = 2147483647;
			files = (
				9F458A691D1ADE410087D347 /* MobileMapper.xcdatamodeld in Sources */,
				9F458A631D1ADE410087D347 /* ViewController.swift in Sources */,
				9F458A611D1ADE410087D347 /* AppDelegate.swift in Sources */,
			);
			runOnlyForDeploymentPostprocessing = 0;
		};
		9F458A701D1ADE410087D347 /* Sources */ = {
			isa = PBXSourcesBuildPhase;
			buildActionMask = 2147483647;
			files = (
				9F458A791D1ADE410087D347 /* MobileMapperTests.swift in Sources */,
			);
			runOnlyForDeploymentPostprocessing = 0;
		};
		9F458A7B1D1ADE410087D347 /* Sources */ = {
			isa = PBXSourcesBuildPhase;
			buildActionMask = 2147483647;
			files = (
				9F458A841D1ADE410087D347 /* MobileMapperUITests.swift in Sources */,
			);
			runOnlyForDeploymentPostprocessing = 0;
		};
/* End PBXSourcesBuildPhase section */

/* Begin PBXTargetDependency section */
		9F458A761D1ADE410087D347 /* PBXTargetDependency */ = {
			isa = PBXTargetDependency;
			target = 9F458A5C1D1ADE410087D347 /* MobileMapper */;
			targetProxy = 9F458A751D1ADE410087D347 /* PBXContainerItemProxy */;
		};
		9F458A811D1ADE410087D347 /* PBXTargetDependency */ = {
			isa = PBXTargetDependency;
			target = 9F458A5C1D1ADE410087D347 /* MobileMapper */;
			targetProxy = 9F458A801D1ADE410087D347 /* PBXContainerItemProxy */;
		};
/* End PBXTargetDependency section */

/* Begin PBXVariantGroup section */
		9F458A641D1ADE410087D347 /* Main.storyboard */ = {
			isa = PBXVariantGroup;
			children = (
				9F458A651D1ADE410087D347 /* Base */,
			);
			name = Main.storyboard;
			sourceTree = "<group>";
		};
		9F458A6C1D1ADE410087D347 /* LaunchScreen.storyboard */ = {
			isa = PBXVariantGroup;
			children = (
				9F458A6D1D1ADE410087D347 /* Base */,
			);
			name = LaunchScreen.storyboard;
			sourceTree = "<group>";
		};
/* End PBXVariantGroup section */

/* Begin XCBuildConfiguration section */
		9F458A861D1ADE410087D347 /* Debug */ = {
			isa = XCBuildConfiguration;
			buildSettings = {
				ALWAYS_SEARCH_USER_PATHS = NO;
				CLANG_ANALYZER_NONNULL = YES;
				CLANG_CXX_LANGUAGE_STANDARD = "gnu++0x";
				CLANG_CXX_LIBRARY = "libc++";
				CLANG_ENABLE_MODULES = YES;
				CLANG_ENABLE_OBJC_ARC = YES;
				CLANG_WARN_BOOL_CONVERSION = YES;
				CLANG_WARN_CONSTANT_CONVERSION = YES;
				CLANG_WARN_DIRECT_OBJC_ISA_USAGE = YES_ERROR;
				CLANG_WARN_EMPTY_BODY = YES;
				CLANG_WARN_ENUM_CONVERSION = YES;
				CLANG_WARN_INT_CONVERSION = YES;
				CLANG_WARN_OBJC_ROOT_CLASS = YES_ERROR;
				CLANG_WARN_UNREACHABLE_CODE = YES;
				CLANG_WARN__DUPLICATE_METHOD_MATCH = YES;
				"CODE_SIGN_IDENTITY[sdk=iphoneos*]" = "iPhone Developer";
				COPY_PHASE_STRIP = NO;
				DEBUG_INFORMATION_FORMAT = dwarf;
				ENABLE_STRICT_OBJC_MSGSEND = YES;
				ENABLE_TESTABILITY = YES;
				GCC_C_LANGUAGE_STANDARD = gnu99;
				GCC_DYNAMIC_NO_PIC = NO;
				GCC_NO_COMMON_BLOCKS = YES;
				GCC_OPTIMIZATION_LEVEL = 0;
				GCC_PREPROCESSOR_DEFINITIONS = (
					"DEBUG=1",
					"$(inherited)",
				);
				GCC_WARN_64_TO_32_BIT_CONVERSION = YES;
				GCC_WARN_ABOUT_RETURN_TYPE = YES_ERROR;
				GCC_WARN_UNDECLARED_SELECTOR = YES;
				GCC_WARN_UNINITIALIZED_AUTOS = YES_AGGRESSIVE;
				GCC_WARN_UNUSED_FUNCTION = YES;
				GCC_WARN_UNUSED_VARIABLE = YES;
				IPHONEOS_DEPLOYMENT_TARGET = 9.3;
				MTL_ENABLE_DEBUG_INFO = YES;
				ONLY_ACTIVE_ARCH = YES;
				SDKROOT = iphoneos;
				SWIFT_OPTIMIZATION_LEVEL = "-Onone";
				TARGETED_DEVICE_FAMILY = "1,2";
			};
			name = Debug;
		};
		9F458A871D1ADE410087D347 /* Release */ = {
			isa = XCBuildConfiguration;
			buildSettings = {
				ALWAYS_SEARCH_USER_PATHS = NO;
				CLANG_ANALYZER_NONNULL = YES;
				CLANG_CXX_LANGUAGE_STANDARD = "gnu++0x";
				CLANG_CXX_LIBRARY = "libc++";
				CLANG_ENABLE_MODULES = YES;
				CLANG_ENABLE_OBJC_ARC = YES;
				CLANG_WARN_BOOL_CONVERSION = YES;
				CLANG_WARN_CONSTANT_CONVERSION = YES;
				CLANG_WARN_DIRECT_OBJC_ISA_USAGE = YES_ERROR;
				CLANG_WARN_EMPTY_BODY = YES;
				CLANG_WARN_ENUM_CONVERSION = YES;
				CLANG_WARN_INT_CONVERSION = YES;
				CLANG_WARN_OBJC_ROOT_CLASS = YES_ERROR;
				CLANG_WARN_UNREACHABLE_CODE = YES;
				CLANG_WARN__DUPLICATE_METHOD_MATCH = YES;
				"CODE_SIGN_IDENTITY[sdk=iphoneos*]" = "iPhone Developer";
				COPY_PHASE_STRIP = NO;
				DEBUG_INFORMATION_FORMAT = "dwarf-with-dsym";
				ENABLE_NS_ASSERTIONS = NO;
				ENABLE_STRICT_OBJC_MSGSEND = YES;
				GCC_C_LANGUAGE_STANDARD = gnu99;
				GCC_NO_COMMON_BLOCKS = YES;
				GCC_WARN_64_TO_32_BIT_CONVERSION = YES;
				GCC_WARN_ABOUT_RETURN_TYPE = YES_ERROR;
				GCC_WARN_UNDECLARED_SELECTOR = YES;
				GCC_WARN_UNINITIALIZED_AUTOS = YES_AGGRESSIVE;
				GCC_WARN_UNUSED_FUNCTION = YES;
				GCC_WARN_UNUSED_VARIABLE = YES;
				IPHONEOS_DEPLOYMENT_TARGET = 9.3;
				MTL_ENABLE_DEBUG_INFO = NO;
				SDKROOT = iphoneos;
				TARGETED_DEVICE_FAMILY = "1,2";
				VALIDATE_PRODUCT = YES;
			};
			name = Release;
		};
		9F458A891D1ADE410087D347 /* Debug */ = {
			isa = XCBuildConfiguration;
			buildSettings = {
				ASSETCATALOG_COMPILER_APPICON_NAME = AppIcon;
				INFOPLIST_FILE = MobileMapper/Info.plist;
				LD_RUNPATH_SEARCH_PATHS = "$(inherited) @executable_path/Frameworks";
				PRODUCT_BUNDLE_IDENTIFIER = SDW.MobileMapper;
				PRODUCT_NAME = "$(TARGET_NAME)";
			};
			name = Debug;
		};
		9F458A8A1D1ADE410087D347 /* Release */ = {
			isa = XCBuildConfiguration;
			buildSettings = {
				ASSETCATALOG_COMPILER_APPICON_NAME = AppIcon;
				INFOPLIST_FILE = MobileMapper/Info.plist;
				LD_RUNPATH_SEARCH_PATHS = "$(inherited) @executable_path/Frameworks";
				PRODUCT_BUNDLE_IDENTIFIER = SDW.MobileMapper;
				PRODUCT_NAME = "$(TARGET_NAME)";
			};
			name = Release;
		};
		9F458A8C1D1ADE410087D347 /* Debug */ = {
			isa = XCBuildConfiguration;
			buildSettings = {
				BUNDLE_LOADER = "$(TEST_HOST)";
				INFOPLIST_FILE = MobileMapperTests/Info.plist;
				LD_RUNPATH_SEARCH_PATHS = "$(inherited) @executable_path/Frameworks @loader_path/Frameworks";
				PRODUCT_BUNDLE_IDENTIFIER = SDW.MobileMapperTests;
				PRODUCT_NAME = "$(TARGET_NAME)";
				TEST_HOST = "$(BUILT_PRODUCTS_DIR)/MobileMapper.app/MobileMapper";
			};
			name = Debug;
		};
		9F458A8D1D1ADE410087D347 /* Release */ = {
			isa = XCBuildConfiguration;
			buildSettings = {
				BUNDLE_LOADER = "$(TEST_HOST)";
				INFOPLIST_FILE = MobileMapperTests/Info.plist;
				LD_RUNPATH_SEARCH_PATHS = "$(inherited) @executable_path/Frameworks @loader_path/Frameworks";
				PRODUCT_BUNDLE_IDENTIFIER = SDW.MobileMapperTests;
				PRODUCT_NAME = "$(TARGET_NAME)";
				TEST_HOST = "$(BUILT_PRODUCTS_DIR)/MobileMapper.app/MobileMapper";
			};
			name = Release;
		};
		9F458A8F1D1ADE410087D347 /* Debug */ = {
			isa = XCBuildConfiguration;
			buildSettings = {
				INFOPLIST_FILE = MobileMapperUITests/Info.plist;
				LD_RUNPATH_SEARCH_PATHS = "$(inherited) @executable_path/Frameworks @loader_path/Frameworks";
				PRODUCT_BUNDLE_IDENTIFIER = SDW.MobileMapperUITests;
				PRODUCT_NAME = "$(TARGET_NAME)";
				TEST_TARGET_NAME = MobileMapper;
			};
			name = Debug;
		};
		9F458A901D1ADE410087D347 /* Release */ = {
			isa = XCBuildConfiguration;
			buildSettings = {
				INFOPLIST_FILE = MobileMapperUITests/Info.plist;
				LD_RUNPATH_SEARCH_PATHS = "$(inherited) @executable_path/Frameworks @loader_path/Frameworks";
				PRODUCT_BUNDLE_IDENTIFIER = SDW.MobileMapperUITests;
				PRODUCT_NAME = "$(TARGET_NAME)";
				TEST_TARGET_NAME = MobileMapper;
			};
			name = Release;
		};
/* End XCBuildConfiguration section */

/* Begin XCConfigurationList section */
		9F458A581D1ADE410087D347 /* Build configuration list for PBXProject "MobileMapper" */ = {
			isa = XCConfigurationList;
			buildConfigurations = (
				9F458A861D1ADE410087D347 /* Debug */,
				9F458A871D1ADE410087D347 /* Release */,
			);
			defaultConfigurationIsVisible = 0;
			defaultConfigurationName = Release;
		};
		9F458A881D1ADE410087D347 /* Build configuration list for PBXNativeTarget "MobileMapper" */ = {
			isa = XCConfigurationList;
			buildConfigurations = (
				9F458A891D1ADE410087D347 /* Debug */,
				9F458A8A1D1ADE410087D347 /* Release */,
			);
			defaultConfigurationIsVisible = 0;
		};
		9F458A8B1D1ADE410087D347 /* Build configuration list for PBXNativeTarget "MobileMapperTests" */ = {
			isa = XCConfigurationList;
			buildConfigurations = (
				9F458A8C1D1ADE410087D347 /* Debug */,
				9F458A8D1D1ADE410087D347 /* Release */,
			);
			defaultConfigurationIsVisible = 0;
		};
		9F458A8E1D1ADE410087D347 /* Build configuration list for PBXNativeTarget "MobileMapperUITests" */ = {
			isa = XCConfigurationList;
			buildConfigurations = (
				9F458A8F1D1ADE410087D347 /* Debug */,
				9F458A901D1ADE410087D347 /* Release */,
			);
			defaultConfigurationIsVisible = 0;
		};
/* End XCConfigurationList section */

/* Begin XCVersionGroup section */
		9F458A671D1ADE410087D347 /* MobileMapper.xcdatamodeld */ = {
			isa = XCVersionGroup;
			children = (
				9F458A681D1ADE410087D347 /* MobileMapper.xcdatamodel */,
			);
			currentVersion = 9F458A681D1ADE410087D347 /* MobileMapper.xcdatamodel */;
			path = MobileMapper.xcdatamodeld;
			sourceTree = "<group>";
			versionGroupType = wrapper.xcdatamodel;
		};
/* End XCVersionGroup section */
	};
	rootObject = 9F458A551D1ADE410087D347 /* Project object */;
}
